{
  "version": 4,
  "terraform_version": "1.5.4",
  "serial": 150,
  "lineage": "e9450722-fe20-f3d3-c14a-19a19ee1773b",
  "outputs": {},
  "resources": [
    {
      "mode": "data",
      "type": "azurerm_resource_group",
      "name": "rg",
      "provider": "provider[\"registry.terraform.io/hashicorp/azurerm\"]",
      "instances": [
        {
          "schema_version": 0,
          "attributes": {
            "id": "/subscriptions/ec541874-4359-475a-9d16-8dadc452eef5/resourceGroups/AVL-Rares-Testing",
            "location": "westeurope",
            "managed_by": "",
            "name": "AVL-Rares-Testing",
            "tags": {},
            "timeouts": null
          },
          "sensitive_attributes": []
        }
      ]
    },
    {
      "mode": "managed",
      "type": "azurerm_linux_virtual_machine",
      "name": "vm1",
      "provider": "provider[\"registry.terraform.io/hashicorp/azurerm\"]",
      "instances": [
        {
          "schema_version": 0,
          "attributes": {
            "additional_capabilities": [],
            "admin_password": null,
            "admin_ssh_key": [
              {
                "public_key": "ssh-rsa AAAAB3NzaC1yc2EAAAADAQABAAABgQDQBHCIUm2HyZvOsd3o1mrUathpB8cMEleaWATtF8uFyY+zqkY5qyn430Wg7WnMPgu8pEMLgS//+LknosLCr3HzLYqkUev+Prgsh4+lmPNnCyuxJMwiO8qkkmydUAh75dj6FkShcMRdDJzOZV5XaOea9k9M7jsJg/Lqjtc2lbajAm98+aTdGma+0WAgtwocRkANrJK8AUZ87xH8zrKSuKqTG+X2869A6FSINMRJu2C7sipJInOQEzaVCHk6tkqLbqxiq2TMRs1PdCTTh5gMmmvvjtPrim4FsNUmtdxRrZR2qrSSyyL4RlQtP6qTbiH9U80QtNy8jLIapjHaSRB/ekew9dyQeA/z4/g49l9g76uIBe2a17h1gaK5TDq8RTPsIUyZQTRWZhYWxfJKVoTsBne06PTsSZJ2g3/Ng5C3tdqVOa4W6Csm/6ohhKxGlotYeYPbhmRgdnrlXKT7+cq+iKKDHEUt7b/I/EEWPNq57HTZfRO6Rb2BO2kZBPEWwHcEk+U= raresrus@MacBook-Air-Rares.local\n",
                "username": "adminuser"
              }
            ],
            "admin_username": "adminuser",
            "allow_extension_operations": true,
            "availability_set_id": "",
            "boot_diagnostics": [],
            "bypass_platform_safety_checks_on_user_schedule_enabled": false,
            "capacity_reservation_group_id": "",
            "computer_name": "master-node",
            "custom_data": null,
            "dedicated_host_group_id": "",
            "dedicated_host_id": "",
            "disable_password_authentication": true,
            "edge_zone": "",
            "encryption_at_host_enabled": false,
            "eviction_policy": "",
            "extensions_time_budget": "PT1H30M",
            "gallery_application": [],
            "id": "/subscriptions/ec541874-4359-475a-9d16-8dadc452eef5/resourceGroups/AVL-Rares-Testing/providers/Microsoft.Compute/virtualMachines/master-node",
            "identity": [],
            "license_type": "",
            "location": "westeurope",
            "max_bid_price": -1,
            "name": "master-node",
            "network_interface_ids": [
              "/subscriptions/ec541874-4359-475a-9d16-8dadc452eef5/resourceGroups/AVL-Rares-Testing/providers/Microsoft.Network/networkInterfaces/nic-vm1"
            ],
            "os_disk": [
              {
                "caching": "ReadWrite",
                "diff_disk_settings": [],
                "disk_encryption_set_id": "",
                "disk_size_gb": 128,
                "name": "OsDisk1",
                "secure_vm_disk_encryption_set_id": "",
                "security_encryption_type": "",
                "storage_account_type": "Standard_LRS",
                "write_accelerator_enabled": false
              }
            ],
            "patch_assessment_mode": "ImageDefault",
            "patch_mode": "ImageDefault",
            "plan": [],
            "platform_fault_domain": -1,
            "priority": "Regular",
            "private_ip_address": "10.0.1.4",
            "private_ip_addresses": [
              "10.0.1.4"
            ],
            "provision_vm_agent": true,
            "proximity_placement_group_id": "",
            "public_ip_address": "20.234.155.245",
            "public_ip_addresses": [
              "20.234.155.245"
            ],
            "reboot_setting": "",
            "resource_group_name": "AVL-Rares-Testing",
            "secret": [],
            "secure_boot_enabled": false,
            "size": "Standard_D2s_v3",
            "source_image_id": "",
            "source_image_reference": [
              {
                "offer": "0001-com-ubuntu-server-jammy",
                "publisher": "Canonical",
                "sku": "22_04-lts-gen2",
                "version": "latest"
              }
            ],
            "tags": {},
            "termination_notification": [],
            "timeouts": null,
            "user_data": "",
            "virtual_machine_id": "e2703b7c-6eae-4228-8840-f26805924ba2",
            "virtual_machine_scale_set_id": "",
            "vtpm_enabled": false,
            "zone": ""
          },
          "sensitive_attributes": [],
          "private": "eyJlMmJmYjczMC1lY2FhLTExZTYtOGY4OC0zNDM2M2JjN2M0YzAiOnsiY3JlYXRlIjoyNzAwMDAwMDAwMDAwLCJkZWxldGUiOjI3MDAwMDAwMDAwMDAsInJlYWQiOjMwMDAwMDAwMDAwMCwidXBkYXRlIjoyNzAwMDAwMDAwMDAwfX0=",
          "dependencies": [
            "azurerm_network_interface.nic1",
            "azurerm_public_ip.publicIP1",
            "azurerm_subnet.subnet1",
            "azurerm_virtual_network.vnet",
            "data.azurerm_resource_group.rg"
          ]
        }
      ]
    },
    {
      "mode": "managed",
      "type": "azurerm_linux_virtual_machine",
      "name": "vm2",
      "provider": "provider[\"registry.terraform.io/hashicorp/azurerm\"]",
      "instances": [
        {
          "schema_version": 0,
          "attributes": {
            "additional_capabilities": [],
            "admin_password": null,
            "admin_ssh_key": [
              {
                "public_key": "ssh-rsa AAAAB3NzaC1yc2EAAAADAQABAAABgQDQBHCIUm2HyZvOsd3o1mrUathpB8cMEleaWATtF8uFyY+zqkY5qyn430Wg7WnMPgu8pEMLgS//+LknosLCr3HzLYqkUev+Prgsh4+lmPNnCyuxJMwiO8qkkmydUAh75dj6FkShcMRdDJzOZV5XaOea9k9M7jsJg/Lqjtc2lbajAm98+aTdGma+0WAgtwocRkANrJK8AUZ87xH8zrKSuKqTG+X2869A6FSINMRJu2C7sipJInOQEzaVCHk6tkqLbqxiq2TMRs1PdCTTh5gMmmvvjtPrim4FsNUmtdxRrZR2qrSSyyL4RlQtP6qTbiH9U80QtNy8jLIapjHaSRB/ekew9dyQeA/z4/g49l9g76uIBe2a17h1gaK5TDq8RTPsIUyZQTRWZhYWxfJKVoTsBne06PTsSZJ2g3/Ng5C3tdqVOa4W6Csm/6ohhKxGlotYeYPbhmRgdnrlXKT7+cq+iKKDHEUt7b/I/EEWPNq57HTZfRO6Rb2BO2kZBPEWwHcEk+U= raresrus@MacBook-Air-Rares.local\n",
                "username": "adminuser"
              }
            ],
            "admin_username": "adminuser",
            "allow_extension_operations": true,
            "availability_set_id": "",
            "boot_diagnostics": [],
            "bypass_platform_safety_checks_on_user_schedule_enabled": false,
            "capacity_reservation_group_id": "",
            "computer_name": "worker-node1",
            "custom_data": null,
            "dedicated_host_group_id": "",
            "dedicated_host_id": "",
            "disable_password_authentication": true,
            "edge_zone": "",
            "encryption_at_host_enabled": false,
            "eviction_policy": "",
            "extensions_time_budget": "PT1H30M",
            "gallery_application": [],
            "id": "/subscriptions/ec541874-4359-475a-9d16-8dadc452eef5/resourceGroups/AVL-Rares-Testing/providers/Microsoft.Compute/virtualMachines/worker-node1",
            "identity": [],
            "license_type": "",
            "location": "westeurope",
            "max_bid_price": -1,
            "name": "worker-node1",
            "network_interface_ids": [
              "/subscriptions/ec541874-4359-475a-9d16-8dadc452eef5/resourceGroups/AVL-Rares-Testing/providers/Microsoft.Network/networkInterfaces/nic-vm2"
            ],
            "os_disk": [
              {
                "caching": "ReadWrite",
                "diff_disk_settings": [],
                "disk_encryption_set_id": "",
                "disk_size_gb": 128,
                "name": "OsDisk2",
                "secure_vm_disk_encryption_set_id": "",
                "security_encryption_type": "",
                "storage_account_type": "Standard_LRS",
                "write_accelerator_enabled": false
              }
            ],
            "patch_assessment_mode": "ImageDefault",
            "patch_mode": "ImageDefault",
            "plan": [],
            "platform_fault_domain": -1,
            "priority": "Regular",
            "private_ip_address": "10.0.2.4",
            "private_ip_addresses": [
              "10.0.2.4"
            ],
            "provision_vm_agent": true,
            "proximity_placement_group_id": "",
            "public_ip_address": "20.234.155.215",
            "public_ip_addresses": [
              "20.234.155.215"
            ],
            "reboot_setting": "",
            "resource_group_name": "AVL-Rares-Testing",
            "secret": [],
            "secure_boot_enabled": false,
            "size": "Standard_D2s_v3",
            "source_image_id": "",
            "source_image_reference": [
              {
                "offer": "0001-com-ubuntu-server-jammy",
                "publisher": "Canonical",
                "sku": "22_04-lts-gen2",
                "version": "latest"
              }
            ],
            "tags": {},
            "termination_notification": [],
            "timeouts": null,
            "user_data": "",
            "virtual_machine_id": "3eb512b4-b4ce-429d-94ab-96b298ff513e",
            "virtual_machine_scale_set_id": "",
            "vtpm_enabled": false,
            "zone": ""
          },
          "sensitive_attributes": [],
          "private": "eyJlMmJmYjczMC1lY2FhLTExZTYtOGY4OC0zNDM2M2JjN2M0YzAiOnsiY3JlYXRlIjoyNzAwMDAwMDAwMDAwLCJkZWxldGUiOjI3MDAwMDAwMDAwMDAsInJlYWQiOjMwMDAwMDAwMDAwMCwidXBkYXRlIjoyNzAwMDAwMDAwMDAwfX0=",
          "dependencies": [
            "azurerm_network_interface.nic2",
            "azurerm_public_ip.publicIP2",
            "azurerm_subnet.subnet2",
            "azurerm_virtual_network.vnet",
            "data.azurerm_resource_group.rg"
          ]
        }
      ]
    },
    {
      "mode": "managed",
      "type": "azurerm_linux_virtual_machine",
      "name": "vm3",
      "provider": "provider[\"registry.terraform.io/hashicorp/azurerm\"]",
      "instances": [
        {
          "schema_version": 0,
          "attributes": {
            "additional_capabilities": [],
            "admin_password": null,
            "admin_ssh_key": [
              {
                "public_key": "ssh-rsa AAAAB3NzaC1yc2EAAAADAQABAAABgQDQBHCIUm2HyZvOsd3o1mrUathpB8cMEleaWATtF8uFyY+zqkY5qyn430Wg7WnMPgu8pEMLgS//+LknosLCr3HzLYqkUev+Prgsh4+lmPNnCyuxJMwiO8qkkmydUAh75dj6FkShcMRdDJzOZV5XaOea9k9M7jsJg/Lqjtc2lbajAm98+aTdGma+0WAgtwocRkANrJK8AUZ87xH8zrKSuKqTG+X2869A6FSINMRJu2C7sipJInOQEzaVCHk6tkqLbqxiq2TMRs1PdCTTh5gMmmvvjtPrim4FsNUmtdxRrZR2qrSSyyL4RlQtP6qTbiH9U80QtNy8jLIapjHaSRB/ekew9dyQeA/z4/g49l9g76uIBe2a17h1gaK5TDq8RTPsIUyZQTRWZhYWxfJKVoTsBne06PTsSZJ2g3/Ng5C3tdqVOa4W6Csm/6ohhKxGlotYeYPbhmRgdnrlXKT7+cq+iKKDHEUt7b/I/EEWPNq57HTZfRO6Rb2BO2kZBPEWwHcEk+U= raresrus@MacBook-Air-Rares.local\n",
                "username": "adminuser"
              }
            ],
            "admin_username": "adminuser",
            "allow_extension_operations": true,
            "availability_set_id": "",
            "boot_diagnostics": [],
            "bypass_platform_safety_checks_on_user_schedule_enabled": false,
            "capacity_reservation_group_id": "",
            "computer_name": "worker-node2",
            "custom_data": null,
            "dedicated_host_group_id": "",
            "dedicated_host_id": "",
            "disable_password_authentication": true,
            "edge_zone": "",
            "encryption_at_host_enabled": false,
            "eviction_policy": "",
            "extensions_time_budget": "PT1H30M",
            "gallery_application": [],
            "id": "/subscriptions/ec541874-4359-475a-9d16-8dadc452eef5/resourceGroups/AVL-Rares-Testing/providers/Microsoft.Compute/virtualMachines/worker-node2",
            "identity": [],
            "license_type": "",
            "location": "westeurope",
            "max_bid_price": -1,
            "name": "worker-node2",
            "network_interface_ids": [
              "/subscriptions/ec541874-4359-475a-9d16-8dadc452eef5/resourceGroups/AVL-Rares-Testing/providers/Microsoft.Network/networkInterfaces/nic-vm3"
            ],
            "os_disk": [
              {
                "caching": "ReadWrite",
                "diff_disk_settings": [],
                "disk_encryption_set_id": "",
                "disk_size_gb": 128,
                "name": "OsDisk3",
                "secure_vm_disk_encryption_set_id": "",
                "security_encryption_type": "",
                "storage_account_type": "Standard_LRS",
                "write_accelerator_enabled": false
              }
            ],
            "patch_assessment_mode": "ImageDefault",
            "patch_mode": "ImageDefault",
            "plan": [],
            "platform_fault_domain": -1,
            "priority": "Regular",
            "private_ip_address": "10.0.3.4",
            "private_ip_addresses": [
              "10.0.3.4"
            ],
            "provision_vm_agent": true,
            "proximity_placement_group_id": "",
            "public_ip_address": "20.234.155.229",
            "public_ip_addresses": [
              "20.234.155.229"
            ],
            "reboot_setting": "",
            "resource_group_name": "AVL-Rares-Testing",
            "secret": [],
            "secure_boot_enabled": false,
            "size": "Standard_D2s_v3",
            "source_image_id": "",
            "source_image_reference": [
              {
                "offer": "0001-com-ubuntu-server-jammy",
                "publisher": "Canonical",
                "sku": "22_04-lts-gen2",
                "version": "latest"
              }
            ],
            "tags": {},
            "termination_notification": [],
            "timeouts": null,
            "user_data": "",
            "virtual_machine_id": "3713b171-72c2-4cfe-b69b-9fa30986e100",
            "virtual_machine_scale_set_id": "",
            "vtpm_enabled": false,
            "zone": ""
          },
          "sensitive_attributes": [],
          "private": "eyJlMmJmYjczMC1lY2FhLTExZTYtOGY4OC0zNDM2M2JjN2M0YzAiOnsiY3JlYXRlIjoyNzAwMDAwMDAwMDAwLCJkZWxldGUiOjI3MDAwMDAwMDAwMDAsInJlYWQiOjMwMDAwMDAwMDAwMCwidXBkYXRlIjoyNzAwMDAwMDAwMDAwfX0=",
          "dependencies": [
            "azurerm_network_interface.nic3",
            "azurerm_public_ip.publicIP3",
            "azurerm_subnet.subnet3",
            "azurerm_virtual_network.vnet",
            "data.azurerm_resource_group.rg"
          ]
        }
      ]
    },
    {
      "mode": "managed",
      "type": "azurerm_network_interface",
      "name": "nic1",
      "provider": "provider[\"registry.terraform.io/hashicorp/azurerm\"]",
      "instances": [
        {
          "schema_version": 0,
          "attributes": {
            "applied_dns_servers": [],
            "auxiliary_mode": "",
            "auxiliary_sku": "",
            "dns_servers": [],
            "edge_zone": "",
            "enable_accelerated_networking": false,
            "enable_ip_forwarding": false,
            "id": "/subscriptions/ec541874-4359-475a-9d16-8dadc452eef5/resourceGroups/AVL-Rares-Testing/providers/Microsoft.Network/networkInterfaces/nic-vm1",
            "internal_dns_name_label": "",
            "internal_domain_name_suffix": "hv2vq3egnhhu5bwy4jv2q0kwxb.ax.internal.cloudapp.net",
            "ip_configuration": [
              {
                "gateway_load_balancer_frontend_ip_configuration_id": "",
                "name": "internal",
                "primary": true,
                "private_ip_address": "10.0.1.4",
                "private_ip_address_allocation": "Dynamic",
                "private_ip_address_version": "IPv4",
                "public_ip_address_id": "/subscriptions/ec541874-4359-475a-9d16-8dadc452eef5/resourceGroups/AVL-Rares-Testing/providers/Microsoft.Network/publicIPAddresses/1stPublicIP",
                "subnet_id": "/subscriptions/ec541874-4359-475a-9d16-8dadc452eef5/resourceGroups/AVL-Rares-Testing/providers/Microsoft.Network/virtualNetworks/vnet-we-01/subnets/subnet-01"
              }
            ],
            "location": "westeurope",
            "mac_address": "60-45-BD-8E-D1-3D",
            "name": "nic-vm1",
            "private_ip_address": "10.0.1.4",
            "private_ip_addresses": [
              "10.0.1.4"
            ],
            "resource_group_name": "AVL-Rares-Testing",
            "tags": {},
            "timeouts": null,
            "virtual_machine_id": "/subscriptions/ec541874-4359-475a-9d16-8dadc452eef5/resourceGroups/AVL-Rares-Testing/providers/Microsoft.Compute/virtualMachines/master-node"
          },
          "sensitive_attributes": [],
          "private": "eyJlMmJmYjczMC1lY2FhLTExZTYtOGY4OC0zNDM2M2JjN2M0YzAiOnsiY3JlYXRlIjoxODAwMDAwMDAwMDAwLCJkZWxldGUiOjE4MDAwMDAwMDAwMDAsInJlYWQiOjMwMDAwMDAwMDAwMCwidXBkYXRlIjoxODAwMDAwMDAwMDAwfX0=",
          "dependencies": [
            "azurerm_public_ip.publicIP1",
            "azurerm_subnet.subnet1",
            "azurerm_virtual_network.vnet",
            "data.azurerm_resource_group.rg"
          ]
        }
      ]
    },
    {
      "mode": "managed",
      "type": "azurerm_network_interface",
      "name": "nic2",
      "provider": "provider[\"registry.terraform.io/hashicorp/azurerm\"]",
      "instances": [
        {
          "schema_version": 0,
          "attributes": {
            "applied_dns_servers": [],
            "auxiliary_mode": "",
            "auxiliary_sku": "",
            "dns_servers": [],
            "edge_zone": "",
            "enable_accelerated_networking": false,
            "enable_ip_forwarding": false,
            "id": "/subscriptions/ec541874-4359-475a-9d16-8dadc452eef5/resourceGroups/AVL-Rares-Testing/providers/Microsoft.Network/networkInterfaces/nic-vm2",
            "internal_dns_name_label": "",
            "internal_domain_name_suffix": "hv2vq3egnhhu5bwy4jv2q0kwxb.ax.internal.cloudapp.net",
            "ip_configuration": [
              {
                "gateway_load_balancer_frontend_ip_configuration_id": "",
                "name": "internal",
                "primary": true,
                "private_ip_address": "10.0.2.4",
                "private_ip_address_allocation": "Dynamic",
                "private_ip_address_version": "IPv4",
                "public_ip_address_id": "/subscriptions/ec541874-4359-475a-9d16-8dadc452eef5/resourceGroups/AVL-Rares-Testing/providers/Microsoft.Network/publicIPAddresses/2ndPublicIP",
                "subnet_id": "/subscriptions/ec541874-4359-475a-9d16-8dadc452eef5/resourceGroups/AVL-Rares-Testing/providers/Microsoft.Network/virtualNetworks/vnet-we-01/subnets/subnet-02"
              }
            ],
            "location": "westeurope",
            "mac_address": "60-45-BD-8B-9C-6C",
            "name": "nic-vm2",
            "private_ip_address": "10.0.2.4",
            "private_ip_addresses": [
              "10.0.2.4"
            ],
            "resource_group_name": "AVL-Rares-Testing",
            "tags": {},
            "timeouts": null,
            "virtual_machine_id": "/subscriptions/ec541874-4359-475a-9d16-8dadc452eef5/resourceGroups/AVL-Rares-Testing/providers/Microsoft.Compute/virtualMachines/worker-node1"
          },
          "sensitive_attributes": [],
          "private": "eyJlMmJmYjczMC1lY2FhLTExZTYtOGY4OC0zNDM2M2JjN2M0YzAiOnsiY3JlYXRlIjoxODAwMDAwMDAwMDAwLCJkZWxldGUiOjE4MDAwMDAwMDAwMDAsInJlYWQiOjMwMDAwMDAwMDAwMCwidXBkYXRlIjoxODAwMDAwMDAwMDAwfX0=",
          "dependencies": [
            "azurerm_public_ip.publicIP2",
            "azurerm_subnet.subnet2",
            "azurerm_virtual_network.vnet",
            "data.azurerm_resource_group.rg"
          ]
        }
      ]
    },
    {
      "mode": "managed",
      "type": "azurerm_network_interface",
      "name": "nic3",
      "provider": "provider[\"registry.terraform.io/hashicorp/azurerm\"]",
      "instances": [
        {
          "schema_version": 0,
          "attributes": {
            "applied_dns_servers": [],
            "auxiliary_mode": "",
            "auxiliary_sku": "",
            "dns_servers": [],
            "edge_zone": "",
            "enable_accelerated_networking": false,
            "enable_ip_forwarding": false,
            "id": "/subscriptions/ec541874-4359-475a-9d16-8dadc452eef5/resourceGroups/AVL-Rares-Testing/providers/Microsoft.Network/networkInterfaces/nic-vm3",
            "internal_dns_name_label": "",
            "internal_domain_name_suffix": "hv2vq3egnhhu5bwy4jv2q0kwxb.ax.internal.cloudapp.net",
            "ip_configuration": [
              {
                "gateway_load_balancer_frontend_ip_configuration_id": "",
                "name": "internal",
                "primary": true,
                "private_ip_address": "10.0.3.4",
                "private_ip_address_allocation": "Dynamic",
                "private_ip_address_version": "IPv4",
                "public_ip_address_id": "/subscriptions/ec541874-4359-475a-9d16-8dadc452eef5/resourceGroups/AVL-Rares-Testing/providers/Microsoft.Network/publicIPAddresses/3rdPublicIP",
                "subnet_id": "/subscriptions/ec541874-4359-475a-9d16-8dadc452eef5/resourceGroups/AVL-Rares-Testing/providers/Microsoft.Network/virtualNetworks/vnet-we-01/subnets/subnet-03"
              }
            ],
            "location": "westeurope",
            "mac_address": "60-45-BD-9F-12-2C",
            "name": "nic-vm3",
            "private_ip_address": "10.0.3.4",
            "private_ip_addresses": [
              "10.0.3.4"
            ],
            "resource_group_name": "AVL-Rares-Testing",
            "tags": {},
            "timeouts": null,
            "virtual_machine_id": "/subscriptions/ec541874-4359-475a-9d16-8dadc452eef5/resourceGroups/AVL-Rares-Testing/providers/Microsoft.Compute/virtualMachines/worker-node2"
          },
          "sensitive_attributes": [],
          "private": "eyJlMmJmYjczMC1lY2FhLTExZTYtOGY4OC0zNDM2M2JjN2M0YzAiOnsiY3JlYXRlIjoxODAwMDAwMDAwMDAwLCJkZWxldGUiOjE4MDAwMDAwMDAwMDAsInJlYWQiOjMwMDAwMDAwMDAwMCwidXBkYXRlIjoxODAwMDAwMDAwMDAwfX0=",
          "dependencies": [
            "azurerm_public_ip.publicIP3",
            "azurerm_subnet.subnet3",
            "azurerm_virtual_network.vnet",
            "data.azurerm_resource_group.rg"
          ]
        }
      ]
    },
    {
      "mode": "managed",
      "type": "azurerm_network_interface_security_group_association",
      "name": "association1",
      "provider": "provider[\"registry.terraform.io/hashicorp/azurerm\"]",
      "instances": [
        {
          "schema_version": 0,
          "attributes": {
            "id": "/subscriptions/ec541874-4359-475a-9d16-8dadc452eef5/resourceGroups/AVL-Rares-Testing/providers/Microsoft.Network/networkInterfaces/nic-vm1|/subscriptions/ec541874-4359-475a-9d16-8dadc452eef5/resourceGroups/AVL-Rares-Testing/providers/Microsoft.Network/networkSecurityGroups/master-nsg",
            "network_interface_id": "/subscriptions/ec541874-4359-475a-9d16-8dadc452eef5/resourceGroups/AVL-Rares-Testing/providers/Microsoft.Network/networkInterfaces/nic-vm1",
            "network_security_group_id": "/subscriptions/ec541874-4359-475a-9d16-8dadc452eef5/resourceGroups/AVL-Rares-Testing/providers/Microsoft.Network/networkSecurityGroups/master-nsg",
            "timeouts": null
          },
          "sensitive_attributes": [],
          "private": "eyJlMmJmYjczMC1lY2FhLTExZTYtOGY4OC0zNDM2M2JjN2M0YzAiOnsiY3JlYXRlIjoxODAwMDAwMDAwMDAwLCJkZWxldGUiOjE4MDAwMDAwMDAwMDAsInJlYWQiOjMwMDAwMDAwMDAwMH19",
          "dependencies": [
            "azurerm_network_interface.nic1",
            "azurerm_network_security_group.nsg_master",
            "azurerm_public_ip.publicIP1",
            "azurerm_subnet.subnet1",
            "azurerm_virtual_network.vnet",
            "data.azurerm_resource_group.rg"
          ]
        }
      ]
    },
    {
      "mode": "managed",
      "type": "azurerm_network_interface_security_group_association",
      "name": "association2",
      "provider": "provider[\"registry.terraform.io/hashicorp/azurerm\"]",
      "instances": [
        {
          "schema_version": 0,
          "attributes": {
            "id": "/subscriptions/ec541874-4359-475a-9d16-8dadc452eef5/resourceGroups/AVL-Rares-Testing/providers/Microsoft.Network/networkInterfaces/nic-vm2|/subscriptions/ec541874-4359-475a-9d16-8dadc452eef5/resourceGroups/AVL-Rares-Testing/providers/Microsoft.Network/networkSecurityGroups/workers-nsg",
            "network_interface_id": "/subscriptions/ec541874-4359-475a-9d16-8dadc452eef5/resourceGroups/AVL-Rares-Testing/providers/Microsoft.Network/networkInterfaces/nic-vm2",
            "network_security_group_id": "/subscriptions/ec541874-4359-475a-9d16-8dadc452eef5/resourceGroups/AVL-Rares-Testing/providers/Microsoft.Network/networkSecurityGroups/workers-nsg",
            "timeouts": null
          },
          "sensitive_attributes": [],
          "private": "eyJlMmJmYjczMC1lY2FhLTExZTYtOGY4OC0zNDM2M2JjN2M0YzAiOnsiY3JlYXRlIjoxODAwMDAwMDAwMDAwLCJkZWxldGUiOjE4MDAwMDAwMDAwMDAsInJlYWQiOjMwMDAwMDAwMDAwMH19",
          "dependencies": [
            "azurerm_network_interface.nic2",
            "azurerm_network_security_group.nsg_workers",
            "data.azurerm_resource_group.rg"
          ]
        }
      ]
    },
    {
      "mode": "managed",
      "type": "azurerm_network_interface_security_group_association",
      "name": "association3",
      "provider": "provider[\"registry.terraform.io/hashicorp/azurerm\"]",
      "instances": [
        {
          "schema_version": 0,
          "attributes": {
            "id": "/subscriptions/ec541874-4359-475a-9d16-8dadc452eef5/resourceGroups/AVL-Rares-Testing/providers/Microsoft.Network/networkInterfaces/nic-vm3|/subscriptions/ec541874-4359-475a-9d16-8dadc452eef5/resourceGroups/AVL-Rares-Testing/providers/Microsoft.Network/networkSecurityGroups/workers-nsg",
            "network_interface_id": "/subscriptions/ec541874-4359-475a-9d16-8dadc452eef5/resourceGroups/AVL-Rares-Testing/providers/Microsoft.Network/networkInterfaces/nic-vm3",
            "network_security_group_id": "/subscriptions/ec541874-4359-475a-9d16-8dadc452eef5/resourceGroups/AVL-Rares-Testing/providers/Microsoft.Network/networkSecurityGroups/workers-nsg",
            "timeouts": null
          },
          "sensitive_attributes": [],
          "private": "eyJlMmJmYjczMC1lY2FhLTExZTYtOGY4OC0zNDM2M2JjN2M0YzAiOnsiY3JlYXRlIjoxODAwMDAwMDAwMDAwLCJkZWxldGUiOjE4MDAwMDAwMDAwMDAsInJlYWQiOjMwMDAwMDAwMDAwMH19",
          "dependencies": [
            "azurerm_network_interface.nic3",
            "azurerm_network_security_group.nsg_workers",
            "data.azurerm_resource_group.rg"
          ]
        }
      ]
    },
    {
      "mode": "managed",
      "type": "azurerm_network_security_group",
      "name": "nsg_master",
      "provider": "provider[\"registry.terraform.io/hashicorp/azurerm\"]",
      "instances": [
        {
          "schema_version": 0,
          "attributes": {
            "id": "/subscriptions/ec541874-4359-475a-9d16-8dadc452eef5/resourceGroups/AVL-Rares-Testing/providers/Microsoft.Network/networkSecurityGroups/master-nsg",
            "location": "westeurope",
            "name": "master-nsg",
            "resource_group_name": "AVL-Rares-Testing",
            "security_rule": [
              {
                "access": "Allow",
                "description": "",
                "destination_address_prefix": "*",
                "destination_address_prefixes": [],
                "destination_application_security_group_ids": [],
                "destination_port_range": "10250-10252",
                "destination_port_ranges": [],
                "direction": "Inbound",
                "name": "api-scheduler-controller",
                "priority": 150,
                "protocol": "Tcp",
                "source_address_prefix": "10.0.0.0/16",
                "source_address_prefixes": [],
                "source_application_security_group_ids": [],
                "source_port_range": "*",
                "source_port_ranges": []
              },
              {
                "access": "Allow",
                "description": "",
                "destination_address_prefix": "*",
                "destination_address_prefixes": [],
                "destination_application_security_group_ids": [],
                "destination_port_range": "22",
                "destination_port_ranges": [],
                "direction": "Inbound",
                "name": "allow_ssh",
                "priority": 100,
                "protocol": "Tcp",
                "source_address_prefix": "*",
                "source_address_prefixes": [],
                "source_application_security_group_ids": [],
                "source_port_range": "*",
                "source_port_ranges": []
              },
              {
                "access": "Allow",
                "description": "",
                "destination_address_prefix": "*",
                "destination_address_prefixes": [],
                "destination_application_security_group_ids": [],
                "destination_port_range": "2379-2380",
                "destination_port_ranges": [],
                "direction": "Inbound",
                "name": "etcd-server-client-api",
                "priority": 140,
                "protocol": "Tcp",
                "source_address_prefix": "10.0.0.0/16",
                "source_address_prefixes": [],
                "source_application_security_group_ids": [],
                "source_port_range": "*",
                "source_port_ranges": []
              },
              {
                "access": "Allow",
                "description": "",
                "destination_address_prefix": "*",
                "destination_address_prefixes": [],
                "destination_application_security_group_ids": [],
                "destination_port_range": "443",
                "destination_port_ranges": [],
                "direction": "Inbound",
                "name": "allow_https",
                "priority": 120,
                "protocol": "Tcp",
                "source_address_prefix": "*",
                "source_address_prefixes": [],
                "source_application_security_group_ids": [],
                "source_port_range": "*",
                "source_port_ranges": []
              },
              {
                "access": "Allow",
                "description": "",
                "destination_address_prefix": "*",
                "destination_address_prefixes": [],
                "destination_application_security_group_ids": [],
                "destination_port_range": "6443",
                "destination_port_ranges": [],
                "direction": "Inbound",
                "name": "k8s-api-server",
                "priority": 130,
                "protocol": "Tcp",
                "source_address_prefix": "*",
                "source_address_prefixes": [],
                "source_application_security_group_ids": [],
                "source_port_range": "*",
                "source_port_ranges": []
              },
              {
                "access": "Allow",
                "description": "",
                "destination_address_prefix": "*",
                "destination_address_prefixes": [],
                "destination_application_security_group_ids": [],
                "destination_port_range": "80",
                "destination_port_ranges": [],
                "direction": "Inbound",
                "name": "allow_http",
                "priority": 110,
                "protocol": "Tcp",
                "source_address_prefix": "*",
                "source_address_prefixes": [],
                "source_application_security_group_ids": [],
                "source_port_range": "*",
                "source_port_ranges": []
              }
            ],
            "tags": {},
            "timeouts": null
          },
          "sensitive_attributes": [],
          "private": "eyJlMmJmYjczMC1lY2FhLTExZTYtOGY4OC0zNDM2M2JjN2M0YzAiOnsiY3JlYXRlIjoxODAwMDAwMDAwMDAwLCJkZWxldGUiOjE4MDAwMDAwMDAwMDAsInJlYWQiOjMwMDAwMDAwMDAwMCwidXBkYXRlIjoxODAwMDAwMDAwMDAwfX0=",
          "dependencies": [
            "data.azurerm_resource_group.rg"
          ]
        }
      ]
    },
    {
      "mode": "managed",
      "type": "azurerm_network_security_group",
      "name": "nsg_workers",
      "provider": "provider[\"registry.terraform.io/hashicorp/azurerm\"]",
      "instances": [
        {
          "schema_version": 0,
          "attributes": {
            "id": "/subscriptions/ec541874-4359-475a-9d16-8dadc452eef5/resourceGroups/AVL-Rares-Testing/providers/Microsoft.Network/networkSecurityGroups/workers-nsg",
            "location": "westeurope",
            "name": "workers-nsg",
            "resource_group_name": "AVL-Rares-Testing",
            "security_rule": [
              {
                "access": "Allow",
                "description": "",
                "destination_address_prefix": "*",
                "destination_address_prefixes": [],
                "destination_application_security_group_ids": [],
                "destination_port_range": "10250",
                "destination_port_ranges": [],
                "direction": "Inbound",
                "name": "kubelet-API",
                "priority": 110,
                "protocol": "Tcp",
                "source_address_prefix": "10.0.0.0/16",
                "source_address_prefixes": [],
                "source_application_security_group_ids": [],
                "source_port_range": "*",
                "source_port_ranges": []
              },
              {
                "access": "Allow",
                "description": "",
                "destination_address_prefix": "*",
                "destination_address_prefixes": [],
                "destination_application_security_group_ids": [],
                "destination_port_range": "22",
                "destination_port_ranges": [],
                "direction": "Inbound",
                "name": "allow_ssh",
                "priority": 100,
                "protocol": "Tcp",
                "source_address_prefix": "*",
                "source_address_prefixes": [],
                "source_application_security_group_ids": [],
                "source_port_range": "*",
                "source_port_ranges": []
              },
              {
                "access": "Allow",
                "description": "",
                "destination_address_prefix": "*",
                "destination_address_prefixes": [],
                "destination_application_security_group_ids": [],
                "destination_port_range": "30000-32767",
                "destination_port_ranges": [],
                "direction": "Inbound",
                "name": "NodePortServices",
                "priority": 120,
                "protocol": "Tcp",
                "source_address_prefix": "*",
                "source_address_prefixes": [],
                "source_application_security_group_ids": [],
                "source_port_range": "*",
                "source_port_ranges": []
              }
            ],
            "tags": null,
            "timeouts": null
          },
          "sensitive_attributes": [],
          "private": "eyJlMmJmYjczMC1lY2FhLTExZTYtOGY4OC0zNDM2M2JjN2M0YzAiOnsiY3JlYXRlIjoxODAwMDAwMDAwMDAwLCJkZWxldGUiOjE4MDAwMDAwMDAwMDAsInJlYWQiOjMwMDAwMDAwMDAwMCwidXBkYXRlIjoxODAwMDAwMDAwMDAwfX0=",
          "dependencies": [
            "data.azurerm_resource_group.rg"
          ]
        }
      ]
    },
    {
      "mode": "managed",
      "type": "azurerm_public_ip",
      "name": "publicIP1",
      "provider": "provider[\"registry.terraform.io/hashicorp/azurerm\"]",
      "instances": [
        {
          "schema_version": 0,
          "attributes": {
            "allocation_method": "Static",
            "ddos_protection_mode": "VirtualNetworkInherited",
            "ddos_protection_plan_id": null,
            "domain_name_label": null,
            "edge_zone": "",
            "fqdn": null,
            "id": "/subscriptions/ec541874-4359-475a-9d16-8dadc452eef5/resourceGroups/AVL-Rares-Testing/providers/Microsoft.Network/publicIPAddresses/1stPublicIP",
            "idle_timeout_in_minutes": 4,
            "ip_address": "20.234.155.245",
            "ip_tags": {},
            "ip_version": "IPv4",
            "location": "westeurope",
            "name": "1stPublicIP",
            "public_ip_prefix_id": null,
            "resource_group_name": "AVL-Rares-Testing",
            "reverse_fqdn": null,
            "sku": "Basic",
            "sku_tier": "Regional",
            "tags": {},
            "timeouts": null,
            "zones": []
          },
          "sensitive_attributes": [],
          "private": "eyJlMmJmYjczMC1lY2FhLTExZTYtOGY4OC0zNDM2M2JjN2M0YzAiOnsiY3JlYXRlIjoxODAwMDAwMDAwMDAwLCJkZWxldGUiOjE4MDAwMDAwMDAwMDAsInJlYWQiOjMwMDAwMDAwMDAwMCwidXBkYXRlIjoxODAwMDAwMDAwMDAwfX0=",
          "dependencies": [
            "data.azurerm_resource_group.rg"
          ]
        }
      ]
    },
    {
      "mode": "managed",
      "type": "azurerm_public_ip",
      "name": "publicIP2",
      "provider": "provider[\"registry.terraform.io/hashicorp/azurerm\"]",
      "instances": [
        {
          "schema_version": 0,
          "attributes": {
            "allocation_method": "Static",
            "ddos_protection_mode": "VirtualNetworkInherited",
            "ddos_protection_plan_id": null,
            "domain_name_label": null,
            "edge_zone": "",
            "fqdn": null,
            "id": "/subscriptions/ec541874-4359-475a-9d16-8dadc452eef5/resourceGroups/AVL-Rares-Testing/providers/Microsoft.Network/publicIPAddresses/2ndPublicIP",
            "idle_timeout_in_minutes": 4,
            "ip_address": "20.234.155.215",
            "ip_tags": {},
            "ip_version": "IPv4",
            "location": "westeurope",
            "name": "2ndPublicIP",
            "public_ip_prefix_id": null,
            "resource_group_name": "AVL-Rares-Testing",
            "reverse_fqdn": null,
            "sku": "Basic",
            "sku_tier": "Regional",
            "tags": {},
            "timeouts": null,
            "zones": []
          },
          "sensitive_attributes": [],
          "private": "eyJlMmJmYjczMC1lY2FhLTExZTYtOGY4OC0zNDM2M2JjN2M0YzAiOnsiY3JlYXRlIjoxODAwMDAwMDAwMDAwLCJkZWxldGUiOjE4MDAwMDAwMDAwMDAsInJlYWQiOjMwMDAwMDAwMDAwMCwidXBkYXRlIjoxODAwMDAwMDAwMDAwfX0=",
          "dependencies": [
            "data.azurerm_resource_group.rg"
          ]
        }
      ]
    },
    {
      "mode": "managed",
      "type": "azurerm_public_ip",
      "name": "publicIP3",
      "provider": "provider[\"registry.terraform.io/hashicorp/azurerm\"]",
      "instances": [
        {
          "schema_version": 0,
          "attributes": {
            "allocation_method": "Static",
            "ddos_protection_mode": "VirtualNetworkInherited",
            "ddos_protection_plan_id": null,
            "domain_name_label": null,
            "edge_zone": "",
            "fqdn": null,
            "id": "/subscriptions/ec541874-4359-475a-9d16-8dadc452eef5/resourceGroups/AVL-Rares-Testing/providers/Microsoft.Network/publicIPAddresses/3rdPublicIP",
            "idle_timeout_in_minutes": 4,
            "ip_address": "20.234.155.229",
            "ip_tags": {},
            "ip_version": "IPv4",
            "location": "westeurope",
            "name": "3rdPublicIP",
            "public_ip_prefix_id": null,
            "resource_group_name": "AVL-Rares-Testing",
            "reverse_fqdn": null,
            "sku": "Basic",
            "sku_tier": "Regional",
            "tags": {},
            "timeouts": null,
            "zones": []
          },
          "sensitive_attributes": [],
          "private": "eyJlMmJmYjczMC1lY2FhLTExZTYtOGY4OC0zNDM2M2JjN2M0YzAiOnsiY3JlYXRlIjoxODAwMDAwMDAwMDAwLCJkZWxldGUiOjE4MDAwMDAwMDAwMDAsInJlYWQiOjMwMDAwMDAwMDAwMCwidXBkYXRlIjoxODAwMDAwMDAwMDAwfX0=",
          "dependencies": [
            "data.azurerm_resource_group.rg"
          ]
        }
      ]
    },
    {
      "mode": "managed",
      "type": "azurerm_subnet",
      "name": "subnet1",
      "provider": "provider[\"registry.terraform.io/hashicorp/azurerm\"]",
      "instances": [
        {
          "schema_version": 0,
          "attributes": {
            "address_prefixes": [
              "10.0.1.0/24"
            ],
            "delegation": [],
            "enforce_private_link_endpoint_network_policies": false,
            "enforce_private_link_service_network_policies": false,
            "id": "/subscriptions/ec541874-4359-475a-9d16-8dadc452eef5/resourceGroups/AVL-Rares-Testing/providers/Microsoft.Network/virtualNetworks/vnet-we-01/subnets/subnet-01",
            "name": "subnet-01",
            "private_endpoint_network_policies_enabled": true,
            "private_link_service_network_policies_enabled": true,
            "resource_group_name": "AVL-Rares-Testing",
            "service_endpoint_policy_ids": [],
            "service_endpoints": [],
            "timeouts": null,
            "virtual_network_name": "vnet-we-01"
          },
          "sensitive_attributes": [],
          "private": "eyJlMmJmYjczMC1lY2FhLTExZTYtOGY4OC0zNDM2M2JjN2M0YzAiOnsiY3JlYXRlIjoxODAwMDAwMDAwMDAwLCJkZWxldGUiOjE4MDAwMDAwMDAwMDAsInJlYWQiOjMwMDAwMDAwMDAwMCwidXBkYXRlIjoxODAwMDAwMDAwMDAwfX0=",
          "dependencies": [
            "azurerm_virtual_network.vnet",
            "data.azurerm_resource_group.rg"
          ]
        }
      ]
    },
    {
      "mode": "managed",
      "type": "azurerm_subnet",
      "name": "subnet2",
      "provider": "provider[\"registry.terraform.io/hashicorp/azurerm\"]",
      "instances": [
        {
          "schema_version": 0,
          "attributes": {
            "address_prefixes": [
              "10.0.2.0/24"
            ],
            "delegation": [],
            "enforce_private_link_endpoint_network_policies": false,
            "enforce_private_link_service_network_policies": false,
            "id": "/subscriptions/ec541874-4359-475a-9d16-8dadc452eef5/resourceGroups/AVL-Rares-Testing/providers/Microsoft.Network/virtualNetworks/vnet-we-01/subnets/subnet-02",
            "name": "subnet-02",
            "private_endpoint_network_policies_enabled": true,
            "private_link_service_network_policies_enabled": true,
            "resource_group_name": "AVL-Rares-Testing",
            "service_endpoint_policy_ids": [],
            "service_endpoints": [],
            "timeouts": null,
            "virtual_network_name": "vnet-we-01"
          },
          "sensitive_attributes": [],
          "private": "eyJlMmJmYjczMC1lY2FhLTExZTYtOGY4OC0zNDM2M2JjN2M0YzAiOnsiY3JlYXRlIjoxODAwMDAwMDAwMDAwLCJkZWxldGUiOjE4MDAwMDAwMDAwMDAsInJlYWQiOjMwMDAwMDAwMDAwMCwidXBkYXRlIjoxODAwMDAwMDAwMDAwfX0=",
          "dependencies": [
            "azurerm_virtual_network.vnet",
            "data.azurerm_resource_group.rg"
          ]
        }
      ]
    },
    {
      "mode": "managed",
      "type": "azurerm_subnet",
      "name": "subnet3",
      "provider": "provider[\"registry.terraform.io/hashicorp/azurerm\"]",
      "instances": [
        {
          "schema_version": 0,
          "attributes": {
            "address_prefixes": [
              "10.0.3.0/24"
            ],
            "delegation": [],
            "enforce_private_link_endpoint_network_policies": false,
            "enforce_private_link_service_network_policies": false,
            "id": "/subscriptions/ec541874-4359-475a-9d16-8dadc452eef5/resourceGroups/AVL-Rares-Testing/providers/Microsoft.Network/virtualNetworks/vnet-we-01/subnets/subnet-03",
            "name": "subnet-03",
            "private_endpoint_network_policies_enabled": true,
            "private_link_service_network_policies_enabled": true,
            "resource_group_name": "AVL-Rares-Testing",
            "service_endpoint_policy_ids": [],
            "service_endpoints": [],
            "timeouts": null,
            "virtual_network_name": "vnet-we-01"
          },
          "sensitive_attributes": [],
          "private": "eyJlMmJmYjczMC1lY2FhLTExZTYtOGY4OC0zNDM2M2JjN2M0YzAiOnsiY3JlYXRlIjoxODAwMDAwMDAwMDAwLCJkZWxldGUiOjE4MDAwMDAwMDAwMDAsInJlYWQiOjMwMDAwMDAwMDAwMCwidXBkYXRlIjoxODAwMDAwMDAwMDAwfX0=",
          "dependencies": [
            "azurerm_virtual_network.vnet",
            "data.azurerm_resource_group.rg"
          ]
        }
      ]
    },
    {
      "mode": "managed",
      "type": "azurerm_virtual_network",
      "name": "vnet",
      "provider": "provider[\"registry.terraform.io/hashicorp/azurerm\"]",
      "instances": [
        {
          "schema_version": 0,
          "attributes": {
            "address_space": [
              "10.0.0.0/16"
            ],
            "bgp_community": "",
            "ddos_protection_plan": [],
            "dns_servers": [],
            "edge_zone": "",
            "encryption": [],
            "flow_timeout_in_minutes": 0,
            "guid": "7458793d-6986-4fcf-86d8-f26bc86956b9",
            "id": "/subscriptions/ec541874-4359-475a-9d16-8dadc452eef5/resourceGroups/AVL-Rares-Testing/providers/Microsoft.Network/virtualNetworks/vnet-we-01",
            "location": "westeurope",
            "name": "vnet-we-01",
            "resource_group_name": "AVL-Rares-Testing",
            "subnet": [
              {
                "address_prefix": "10.0.1.0/24",
                "id": "/subscriptions/ec541874-4359-475a-9d16-8dadc452eef5/resourceGroups/AVL-Rares-Testing/providers/Microsoft.Network/virtualNetworks/vnet-we-01/subnets/subnet-01",
                "name": "subnet-01",
                "security_group": ""
              },
              {
                "address_prefix": "10.0.2.0/24",
                "id": "/subscriptions/ec541874-4359-475a-9d16-8dadc452eef5/resourceGroups/AVL-Rares-Testing/providers/Microsoft.Network/virtualNetworks/vnet-we-01/subnets/subnet-02",
                "name": "subnet-02",
                "security_group": ""
              },
              {
                "address_prefix": "10.0.3.0/24",
                "id": "/subscriptions/ec541874-4359-475a-9d16-8dadc452eef5/resourceGroups/AVL-Rares-Testing/providers/Microsoft.Network/virtualNetworks/vnet-we-01/subnets/subnet-03",
                "name": "subnet-03",
                "security_group": ""
              }
            ],
            "tags": {},
            "timeouts": null
          },
          "sensitive_attributes": [],
          "private": "eyJlMmJmYjczMC1lY2FhLTExZTYtOGY4OC0zNDM2M2JjN2M0YzAiOnsiY3JlYXRlIjoxODAwMDAwMDAwMDAwLCJkZWxldGUiOjE4MDAwMDAwMDAwMDAsInJlYWQiOjMwMDAwMDAwMDAwMCwidXBkYXRlIjoxODAwMDAwMDAwMDAwfX0=",
          "dependencies": [
            "data.azurerm_resource_group.rg"
          ]
        }
      ]
    }
  ],
  "check_results": null
}
